PODS:
  - Flutter (1.0.0)
  - integration_test (0.0.1):
    - Flutter
  - QGVAPlayer (1.0.19)
  - tancent_vap (0.0.1):
    - Flutter
    - QGVAPlayer (= 1.0.19)

DEPENDENCIES:
  - Flutter (from `Flutter`)
  - integration_test (from `.symlinks/plugins/integration_test/ios`)
  - tancent_vap (from `.symlinks/plugins/tancent_vap/ios`)

SPEC REPOS:
  trunk:
    - QGVAPlayer

EXTERNAL SOURCES:
  Flutter:
    :path: Flutter
  integration_test:
    :path: ".symlinks/plugins/integration_test/ios"
  tancent_vap:
    :path: ".symlinks/plugins/tancent_vap/ios"

SPEC CHECKSUMS:
  Flutter: e0871f40cf51350855a761d2e70bf5af5b9b5de7
  integration_test: 4a889634ef21a45d28d50d622cf412dc6d9f586e
  QGVAPlayer: a0bca68c9bd6f1c8de5ac2d10ddf98be6038cce9
  tancent_vap: 4917210cc7e916023fd112655170d8e3d074f482

PODFILE CHECKSUM: 4305caec6b40dde0ae97be1573c53de1882a07e5

COCOAPODS: 1.16.2
